
Microsoft Visual Studio Solution File, Format Version 12.00
# Visual Studio Version 17
VisualStudioVersion = 17.0.31903.59
MinimumVisualStudioVersion = 10.0.40219.1
Project("{FAE04EC0-301F-11D3-BF4B-00C04F79EFBC}") = "TarotSim.API", "TarotSim.API\TarotSim.API.csproj", "{8375A1D3-9656-41F9-99BC-8F861F08075D}"
EndProject
Project("{FAE04EC0-301F-11D3-BF4B-00C04F79EFBC}") = "TarotSim.Core", "TarotSim.Core\TarotSim.Core.csproj", "{1BCE8299-B796-45AA-90F5-7342FE36E840}"
EndProject
Project("{FAE04EC0-301F-11D3-BF4B-00C04F79EFBC}") = "TarotSim.Tests", "TarotSim.Tests\TarotSim.Tests.csproj", "{60B11053-C7C7-4CA8-9EE0-812A41D0E24D}"
EndProject
Global
	GlobalSection(SolutionConfigurationPlatforms) = preSolution
		Debug|Any CPU = Debug|Any CPU
		Debug|x64 = Debug|x64
		Debug|x86 = Debug|x86
		Release|Any CPU = Release|Any CPU
		Release|x64 = Release|x64
		Release|x86 = Release|x86
	EndGlobalSection
	GlobalSection(ProjectConfigurationPlatforms) = postSolution
		{8375A1D3-9656-41F9-99BC-8F861F08075D}.Debug|Any CPU.ActiveCfg = Debug|Any CPU
		{8375A1D3-9656-41F9-99BC-8F861F08075D}.Debug|Any CPU.Build.0 = Debug|Any CPU
		{8375A1D3-9656-41F9-99BC-8F861F08075D}.Debug|x64.ActiveCfg = Debug|Any CPU
		{8375A1D3-9656-41F9-99BC-8F861F08075D}.Debug|x64.Build.0 = Debug|Any CPU
		{8375A1D3-9656-41F9-99BC-8F861F08075D}.Debug|x86.ActiveCfg = Debug|Any CPU
		{8375A1D3-9656-41F9-99BC-8F861F08075D}.Debug|x86.Build.0 = Debug|Any CPU
		{8375A1D3-9656-41F9-99BC-8F861F08075D}.Release|Any CPU.ActiveCfg = Release|Any CPU
		{8375A1D3-9656-41F9-99BC-8F861F08075D}.Release|Any CPU.Build.0 = Release|Any CPU
		{8375A1D3-9656-41F9-99BC-8F861F08075D}.Release|x64.ActiveCfg = Release|Any CPU
		{8375A1D3-9656-41F9-99BC-8F861F08075D}.Release|x64.Build.0 = Release|Any CPU
		{8375A1D3-9656-41F9-99BC-8F861F08075D}.Release|x86.ActiveCfg = Release|Any CPU
		{8375A1D3-9656-41F9-99BC-8F861F08075D}.Release|x86.Build.0 = Release|Any CPU
		{1BCE8299-B796-45AA-90F5-7342FE36E840}.Debug|Any CPU.ActiveCfg = Debug|Any CPU
		{1BCE8299-B796-45AA-90F5-7342FE36E840}.Debug|Any CPU.Build.0 = Debug|Any CPU
		{1BCE8299-B796-45AA-90F5-7342FE36E840}.Debug|x64.ActiveCfg = Debug|Any CPU
		{1BCE8299-B796-45AA-90F5-7342FE36E840}.Debug|x64.Build.0 = Debug|Any CPU
		{1BCE8299-B796-45AA-90F5-7342FE36E840}.Debug|x86.ActiveCfg = Debug|Any CPU
		{1BCE8299-B796-45AA-90F5-7342FE36E840}.Debug|x86.Build.0 = Debug|Any CPU
		{1BCE8299-B796-45AA-90F5-7342FE36E840}.Release|Any CPU.ActiveCfg = Release|Any CPU
		{1BCE8299-B796-45AA-90F5-7342FE36E840}.Release|Any CPU.Build.0 = Release|Any CPU
		{1BCE8299-B796-45AA-90F5-7342FE36E840}.Release|x64.ActiveCfg = Release|Any CPU
		{1BCE8299-B796-45AA-90F5-7342FE36E840}.Release|x64.Build.0 = Release|Any CPU
		{1BCE8299-B796-45AA-90F5-7342FE36E840}.Release|x86.ActiveCfg = Release|Any CPU
		{1BCE8299-B796-45AA-90F5-7342FE36E840}.Release|x86.Build.0 = Release|Any CPU
		{60B11053-C7C7-4CA8-9EE0-812A41D0E24D}.Debug|Any CPU.ActiveCfg = Debug|Any CPU
		{60B11053-C7C7-4CA8-9EE0-812A41D0E24D}.Debug|Any CPU.Build.0 = Debug|Any CPU
		{60B11053-C7C7-4CA8-9EE0-812A41D0E24D}.Debug|x64.ActiveCfg = Debug|Any CPU
		{60B11053-C7C7-4CA8-9EE0-812A41D0E24D}.Debug|x64.Build.0 = Debug|Any CPU
		{60B11053-C7C7-4CA8-9EE0-812A41D0E24D}.Debug|x86.ActiveCfg = Debug|Any CPU
		{60B11053-C7C7-4CA8-9EE0-812A41D0E24D}.Debug|x86.Build.0 = Debug|Any CPU
		{60B11053-C7C7-4CA8-9EE0-812A41D0E24D}.Release|Any CPU.ActiveCfg = Release|Any CPU
		{60B11053-C7C7-4CA8-9EE0-812A41D0E24D}.Release|Any CPU.Build.0 = Release|Any CPU
		{60B11053-C7C7-4CA8-9EE0-812A41D0E24D}.Release|x64.ActiveCfg = Release|Any CPU
		{60B11053-C7C7-4CA8-9EE0-812A41D0E24D}.Release|x64.Build.0 = Release|Any CPU
		{60B11053-C7C7-4CA8-9EE0-812A41D0E24D}.Release|x86.ActiveCfg = Release|Any CPU
		{60B11053-C7C7-4CA8-9EE0-812A41D0E24D}.Release|x86.Build.0 = Release|Any CPU
	EndGlobalSection
	GlobalSection(SolutionProperties) = preSolution
		HideSolutionNode = FALSE
	EndGlobalSection
EndGlobal
